version = 1
requires-python = ">=3.10"

[[distribution]]
name = "colorama"
version = "0.4.6"
source = "registry+https://pypi.org/simple"
sdist = { url = "https://files.pythonhosted.org/packages/d8/53/6f443c9a4a8358a93a6792e2acffb9d9d5cb0a5cfd8802644b7b1c9a02e4/colorama-0.4.6.tar.gz", hash = "sha256:08695f5cb7ed6e0531a20572697297273c47b8cae5a63ffc6d6ed5c201be6e44", size = 27697 }
wheels = [{ url = "https://files.pythonhosted.org/packages/d1/d6/3965ed04c63042e047cb6a3e6ed1a63a35087b6a609aa3a15ed8ac56c221/colorama-0.4.6-py2.py3-none-any.whl", hash = "sha256:4f1d9991f5acc0ca119f9d443620b77f9d6b33703e51011c16baf57afb285fc6", size = 25335 }]

[[distribution]]
name = "init-project"
version = "0.0.1"
source = "editable+."
sdist = { path = "." }

[[distribution.dependencies]]
name = "meson-python"
version = "0.15.0"
source = "registry+https://pypi.org/simple"

[[distribution.dependencies]]
name = "numpy"
version = "1.26.4"
source = "registry+https://pypi.org/simple"

[[distribution.dependencies]]
name = "xlsxwriter"
version = "3.2.0"
source = "registry+https://pypi.org/simple"

[[distribution]]
name = "meson"
version = "1.4.1"
source = "registry+https://pypi.org/simple"
sdist = { url = "https://files.pythonhosted.org/packages/6f/ee/7ead9d4e69c94a61db0e2a24a5c7dbed6a1ae02b7876030971d76a9857cf/meson-1.4.1.tar.gz", hash = "sha256:1b8aad738a5f6ae64294cc8eaba9a82988c1c420204484ac02ef782e5bba5f49", size = 2235558 }
wheels = [{ url = "https://files.pythonhosted.org/packages/44/b2/d4433391a7c5e94a39b50ca7295a8ceba736e7c72c455752a60122f52453/meson-1.4.1-py3-none-any.whl", hash = "sha256:d5acc3abae2dad3c70ddcbd10acac92b78b144d34d43f40f5b8ac31dfd8a826a", size = 937686 }]

[[distribution]]
name = "meson-python"
version = "0.15.0"
source = "registry+https://pypi.org/simple"
sdist = { url = "https://files.pythonhosted.org/packages/a2/3b/276b596824a0820987fdcc7721618453b4f9a8305fe20b611a00ac3f948e/meson_python-0.15.0.tar.gz", hash = "sha256:fddb73eecd49e89c1c41c87937cd89c2d0b65a1c63ba28238681d4bd9484d26f", size = 79920 }
wheels = [{ url = "https://files.pythonhosted.org/packages/1f/60/b10b11ab470a690d5777310d6cfd1c9bdbbb0a1313a78c34a1e82e0b9d27/meson_python-0.15.0-py3-none-any.whl", hash = "sha256:3ae38253ff02b2e947a05e362a2eaf5a9a09d133c5666b4123399ee5fbf2e591", size = 25288 }]

[[distribution.dependencies]]
name = "colorama"
version = "0.4.6"
source = "registry+https://pypi.org/simple"
marker = "os_name == 'nt'"

[[distribution.dependencies]]
name = "meson"
version = "1.4.1"
source = "registry+https://pypi.org/simple"
marker = "python_version < '3.12' or python_version >= '3.12'"

[[distribution.dependencies]]
name = "pyproject-metadata"
version = "0.8.0"
source = "registry+https://pypi.org/simple"

[[distribution.dependencies]]
name = "tomli"
version = "2.0.1"
source = "registry+https://pypi.org/simple"
marker = "python_version < '3.11'"

[[distribution]]
name = "numpy"
version = "1.26.4"
source = "registry+https://pypi.org/simple"
sdist = { url = "https://files.pythonhosted.org/packages/65/6e/09db70a523a96d25e115e71cc56a6f9031e7b8cd166c1ac8438307c14058/numpy-1.26.4.tar.gz", hash = "sha256:2a02aba9ed12e4ac4eb3ea9421c420301a0c6460d9830d74a9df87efa4912010", size = 15786129 }
wheels = [
	{ url = "https://files.pythonhosted.org/packages/a7/94/ace0fdea5241a27d13543ee117cbc65868e82213fb31a8eb7fe9ff23f313/numpy-1.26.4-cp310-cp310-macosx_10_9_x86_64.whl", hash = "sha256:9ff0f4f29c51e2803569d7a51c2304de5554655a60c5d776e35b4a41413830d0", size = 20631468 },
	{ url = "https://files.pythonhosted.org/packages/20/f7/b24208eba89f9d1b58c1668bc6c8c4fd472b20c45573cb767f59d49fb0f6/numpy-1.26.4-cp310-cp310-macosx_11_0_arm64.whl", hash = "sha256:2e4ee3380d6de9c9ec04745830fd9e2eccb3e6cf790d39d7b98ffd19b0dd754a", size = 13966411 },
	{ url = "https://files.pythonhosted.org/packages/fc/a5/4beee6488160798683eed5bdb7eead455892c3b4e1f78d79d8d3f3b084ac/numpy-1.26.4-cp310-cp310-manylinux_2_17_aarch64.manylinux2014_aarch64.whl", hash = "sha256:d209d8969599b27ad20994c8e41936ee0964e6da07478d6c35016bc386b66ad4", size = 14219016 },
	{ url = "https://files.pythonhosted.org/packages/4b/d7/ecf66c1cd12dc28b4040b15ab4d17b773b87fa9d29ca16125de01adb36cd/numpy-1.26.4-cp310-cp310-manylinux_2_17_x86_64.manylinux2014_x86_64.whl", hash = "sha256:ffa75af20b44f8dba823498024771d5ac50620e6915abac414251bd971b4529f", size = 18240889 },
	{ url = "https://files.pythonhosted.org/packages/24/03/6f229fe3187546435c4f6f89f6d26c129d4f5bed40552899fcf1f0bf9e50/numpy-1.26.4-cp310-cp310-musllinux_1_1_aarch64.whl", hash = "sha256:62b8e4b1e28009ef2846b4c7852046736bab361f7aeadeb6a5b89ebec3c7055a", size = 13876746 },
	{ url = "https://files.pythonhosted.org/packages/39/fe/39ada9b094f01f5a35486577c848fe274e374bbf8d8f472e1423a0bbd26d/numpy-1.26.4-cp310-cp310-musllinux_1_1_x86_64.whl", hash = "sha256:a4abb4f9001ad2858e7ac189089c42178fcce737e4169dc61321660f1a96c7d2", size = 18078620 },
	{ url = "https://files.pythonhosted.org/packages/d5/ef/6ad11d51197aad206a9ad2286dc1aac6a378059e06e8cf22cd08ed4f20dc/numpy-1.26.4-cp310-cp310-win32.whl", hash = "sha256:bfe25acf8b437eb2a8b2d49d443800a5f18508cd811fea3181723922a8a82b07", size = 5972659 },
	{ url = "https://files.pythonhosted.org/packages/19/77/538f202862b9183f54108557bfda67e17603fc560c384559e769321c9d92/numpy-1.26.4-cp310-cp310-win_amd64.whl", hash = "sha256:b97fe8060236edf3662adfc2c633f56a08ae30560c56310562cb4f95500022d5", size = 15808905 },
	{ url = "https://files.pythonhosted.org/packages/11/57/baae43d14fe163fa0e4c47f307b6b2511ab8d7d30177c491960504252053/numpy-1.26.4-cp311-cp311-macosx_10_9_x86_64.whl", hash = "sha256:4c66707fabe114439db9068ee468c26bbdf909cac0fb58686a42a24de1760c71", size = 20630554 },
	{ url = "https://files.pythonhosted.org/packages/1a/2e/151484f49fd03944c4a3ad9c418ed193cfd02724e138ac8a9505d056c582/numpy-1.26.4-cp311-cp311-macosx_11_0_arm64.whl", hash = "sha256:edd8b5fe47dab091176d21bb6de568acdd906d1887a4584a15a9a96a1dca06ef", size = 13997127 },
	{ url = "https://files.pythonhosted.org/packages/79/ae/7e5b85136806f9dadf4878bf73cf223fe5c2636818ba3ab1c585d0403164/numpy-1.26.4-cp311-cp311-manylinux_2_17_aarch64.manylinux2014_aarch64.whl", hash = "sha256:7ab55401287bfec946ced39700c053796e7cc0e3acbef09993a9ad2adba6ca6e", size = 14222994 },
	{ url = "https://files.pythonhosted.org/packages/3a/d0/edc009c27b406c4f9cbc79274d6e46d634d139075492ad055e3d68445925/numpy-1.26.4-cp311-cp311-manylinux_2_17_x86_64.manylinux2014_x86_64.whl", hash = "sha256:666dbfb6ec68962c033a450943ded891bed2d54e6755e35e5835d63f4f6931d5", size = 18252005 },
	{ url = "https://files.pythonhosted.org/packages/09/bf/2b1aaf8f525f2923ff6cfcf134ae5e750e279ac65ebf386c75a0cf6da06a/numpy-1.26.4-cp311-cp311-musllinux_1_1_aarch64.whl", hash = "sha256:96ff0b2ad353d8f990b63294c8986f1ec3cb19d749234014f4e7eb0112ceba5a", size = 13885297 },
	{ url = "https://files.pythonhosted.org/packages/df/a0/4e0f14d847cfc2a633a1c8621d00724f3206cfeddeb66d35698c4e2cf3d2/numpy-1.26.4-cp311-cp311-musllinux_1_1_x86_64.whl", hash = "sha256:60dedbb91afcbfdc9bc0b1f3f402804070deed7392c23eb7a7f07fa857868e8a", size = 18093567 },
	{ url = "https://files.pythonhosted.org/packages/d2/b7/a734c733286e10a7f1a8ad1ae8c90f2d33bf604a96548e0a4a3a6739b468/numpy-1.26.4-cp311-cp311-win32.whl", hash = "sha256:1af303d6b2210eb850fcf03064d364652b7120803a0b872f5211f5234b399f20", size = 5968812 },
	{ url = "https://files.pythonhosted.org/packages/3f/6b/5610004206cf7f8e7ad91c5a85a8c71b2f2f8051a0c0c4d5916b76d6cbb2/numpy-1.26.4-cp311-cp311-win_amd64.whl", hash = "sha256:cd25bcecc4974d09257ffcd1f098ee778f7834c3ad767fe5db785be9a4aa9cb2", size = 15811913 },
	{ url = "https://files.pythonhosted.org/packages/95/12/8f2020a8e8b8383ac0177dc9570aad031a3beb12e38847f7129bacd96228/numpy-1.26.4-cp312-cp312-macosx_10_9_x86_64.whl", hash = "sha256:b3ce300f3644fb06443ee2222c2201dd3a89ea6040541412b8fa189341847218", size = 20335901 },
	{ url = "https://files.pythonhosted.org/packages/75/5b/ca6c8bd14007e5ca171c7c03102d17b4f4e0ceb53957e8c44343a9546dcc/numpy-1.26.4-cp312-cp312-macosx_11_0_arm64.whl", hash = "sha256:03a8c78d01d9781b28a6989f6fa1bb2c4f2d51201cf99d3dd875df6fbd96b23b", size = 13685868 },
	{ url = "https://files.pythonhosted.org/packages/79/f8/97f10e6755e2a7d027ca783f63044d5b1bc1ae7acb12afe6a9b4286eac17/numpy-1.26.4-cp312-cp312-manylinux_2_17_aarch64.manylinux2014_aarch64.whl", hash = "sha256:9fad7dcb1aac3c7f0584a5a8133e3a43eeb2fe127f47e3632d43d677c66c102b", size = 13925109 },
	{ url = "https://files.pythonhosted.org/packages/0f/50/de23fde84e45f5c4fda2488c759b69990fd4512387a8632860f3ac9cd225/numpy-1.26.4-cp312-cp312-manylinux_2_17_x86_64.manylinux2014_x86_64.whl", hash = "sha256:675d61ffbfa78604709862923189bad94014bef562cc35cf61d3a07bba02a7ed", size = 17950613 },
	{ url = "https://files.pythonhosted.org/packages/4c/0c/9c603826b6465e82591e05ca230dfc13376da512b25ccd0894709b054ed0/numpy-1.26.4-cp312-cp312-musllinux_1_1_aarch64.whl", hash = "sha256:ab47dbe5cc8210f55aa58e4805fe224dac469cde56b9f731a4c098b91917159a", size = 13572172 },
	{ url = "https://files.pythonhosted.org/packages/76/8c/2ba3902e1a0fc1c74962ea9bb33a534bb05984ad7ff9515bf8d07527cadd/numpy-1.26.4-cp312-cp312-musllinux_1_1_x86_64.whl", hash = "sha256:1dda2e7b4ec9dd512f84935c5f126c8bd8b9f2fc001e9f54af255e8c5f16b0e0", size = 17786643 },
	{ url = "https://files.pythonhosted.org/packages/28/4a/46d9e65106879492374999e76eb85f87b15328e06bd1550668f79f7b18c6/numpy-1.26.4-cp312-cp312-win32.whl", hash = "sha256:50193e430acfc1346175fcbdaa28ffec49947a06918b7b92130744e81e640110", size = 5677803 },
	{ url = "https://files.pythonhosted.org/packages/16/2e/86f24451c2d530c88daf997cb8d6ac622c1d40d19f5a031ed68a4b73a374/numpy-1.26.4-cp312-cp312-win_amd64.whl", hash = "sha256:08beddf13648eb95f8d867350f6a018a4be2e5ad54c8d8caed89ebca558b2818", size = 15517754 },
	{ url = "https://files.pythonhosted.org/packages/7d/24/ce71dc08f06534269f66e73c04f5709ee024a1afe92a7b6e1d73f158e1f8/numpy-1.26.4-cp39-cp39-macosx_10_9_x86_64.whl", hash = "sha256:7349ab0fa0c429c82442a27a9673fc802ffdb7c7775fad780226cb234965e53c", size = 20636301 },
	{ url = "https://files.pythonhosted.org/packages/ae/8c/ab03a7c25741f9ebc92684a20125fbc9fc1b8e1e700beb9197d750fdff88/numpy-1.26.4-cp39-cp39-macosx_11_0_arm64.whl", hash = "sha256:52b8b60467cd7dd1e9ed082188b4e6bb35aa5cdd01777621a1658910745b90be", size = 13971216 },
	{ url = "https://files.pythonhosted.org/packages/6d/64/c3bcdf822269421d85fe0d64ba972003f9bb4aa9a419da64b86856c9961f/numpy-1.26.4-cp39-cp39-manylinux_2_17_aarch64.manylinux2014_aarch64.whl", hash = "sha256:d5241e0a80d808d70546c697135da2c613f30e28251ff8307eb72ba696945764", size = 14226281 },
	{ url = "https://files.pythonhosted.org/packages/54/30/c2a907b9443cf42b90c17ad10c1e8fa801975f01cb9764f3f8eb8aea638b/numpy-1.26.4-cp39-cp39-manylinux_2_17_x86_64.manylinux2014_x86_64.whl", hash = "sha256:f870204a840a60da0b12273ef34f7051e98c3b5961b61b0c2c1be6dfd64fbcd3", size = 18249516 },
	{ url = "https://files.pythonhosted.org/packages/43/12/01a563fc44c07095996d0129b8899daf89e4742146f7044cdbdb3101c57f/numpy-1.26.4-cp39-cp39-musllinux_1_1_aarch64.whl", hash = "sha256:679b0076f67ecc0138fd2ede3a8fd196dddc2ad3254069bcb9faf9a79b1cebcd", size = 13882132 },
	{ url = "https://files.pythonhosted.org/packages/16/ee/9df80b06680aaa23fc6c31211387e0db349e0e36d6a63ba3bd78c5acdf11/numpy-1.26.4-cp39-cp39-musllinux_1_1_x86_64.whl", hash = "sha256:47711010ad8555514b434df65f7d7b076bb8261df1ca9bb78f53d3b2db02e95c", size = 18084181 },
	{ url = "https://files.pythonhosted.org/packages/28/7d/4b92e2fe20b214ffca36107f1a3e75ef4c488430e64de2d9af5db3a4637d/numpy-1.26.4-cp39-cp39-win32.whl", hash = "sha256:a354325ee03388678242a4d7ebcd08b5c727033fcff3b2f536aea978e15ee9e6", size = 5976360 },
	{ url = "https://files.pythonhosted.org/packages/b5/42/054082bd8220bbf6f297f982f0a8f5479fcbc55c8b511d928df07b965869/numpy-1.26.4-cp39-cp39-win_amd64.whl", hash = "sha256:3373d5d70a5fe74a2c1bb6d2cfd9609ecf686d47a2d7b1d37a8f3b6bf6003aea", size = 15814633 },
	{ url = "https://files.pythonhosted.org/packages/3f/72/3df6c1c06fc83d9cfe381cccb4be2532bbd38bf93fbc9fad087b6687f1c0/numpy-1.26.4-pp39-pypy39_pp73-macosx_10_9_x86_64.whl", hash = "sha256:afedb719a9dcfc7eaf2287b839d8198e06dcd4cb5d276a3df279231138e83d30", size = 20455961 },
	{ url = "https://files.pythonhosted.org/packages/8e/02/570545bac308b58ffb21adda0f4e220ba716fb658a63c151daecc3293350/numpy-1.26.4-pp39-pypy39_pp73-manylinux_2_17_x86_64.manylinux2014_x86_64.whl", hash = "sha256:95a7476c59002f2f6c590b9b7b998306fba6a5aa646b1e22ddfeaf8f78c3a29c", size = 18061071 },
	{ url = "https://files.pythonhosted.org/packages/f4/5f/fafd8c51235f60d49f7a88e2275e13971e90555b67da52dd6416caec32fe/numpy-1.26.4-pp39-pypy39_pp73-win_amd64.whl", hash = "sha256:7e50d0a0cc3189f9cb0aeb3a6a6af18c16f59f004b866cd2be1c14b36134a4a0", size = 15709730 }
]

[[distribution]]
name = "packaging"
version = "24.1"
source = "registry+https://pypi.org/simple"
sdist = { url = "https://files.pythonhosted.org/packages/51/65/50db4dda066951078f0a96cf12f4b9ada6e4b811516bf0262c0f4f7064d4/packaging-24.1.tar.gz", hash = "sha256:026ed72c8ed3fcce5bf8950572258698927fd1dbda10a5e981cdf0ac37f4f002", size = 148788 }
wheels = [{ url = "https://files.pythonhosted.org/packages/08/aa/cc0199a5f0ad350994d660967a8efb233fe0416e4639146c089643407ce6/packaging-24.1-py3-none-any.whl", hash = "sha256:5b8f2217dbdbd2f7f384c41c628544e6d52f2d0f53c6d0c3ea61aa5d1d7ff124", size = 53985 }]

[[distribution]]
name = "pyproject-metadata"
version = "0.8.0"
source = "registry+https://pypi.org/simple"
sdist = { url = "https://files.pythonhosted.org/packages/cf/cc/428b057f8c229b7c374efe9d6a6a35e693f79e071e25846ab0c55e59d337/pyproject_metadata-0.8.0.tar.gz", hash = "sha256:376d5a00764ac29440a54579f88e66b7d9cb7e629d35c35a1c7248bfebc9b455", size = 14862 }
wheels = [{ url = "https://files.pythonhosted.org/packages/aa/5f/bb5970d3d04173b46c9037109f7f05fc8904ff5be073ee49bb6ff00301bc/pyproject_metadata-0.8.0-py3-none-any.whl", hash = "sha256:ad858d448e1d3a1fb408ac5bac9ea7743e7a8bbb472f2693aaa334d2db42f526", size = 7451 }]

[[distribution.dependencies]]
name = "packaging"
version = "24.1"
source = "registry+https://pypi.org/simple"

[[distribution]]
name = "tomli"
version = "2.0.1"
source = "registry+https://pypi.org/simple"
sdist = { url = "https://files.pythonhosted.org/packages/c0/3f/d7af728f075fb08564c5949a9c95e44352e23dee646869fa104a3b2060a3/tomli-2.0.1.tar.gz", hash = "sha256:de526c12914f0c550d15924c62d72abc48d6fe7364aa87328337a31007fe8a4f", size = 15164 }
wheels = [{ url = "https://files.pythonhosted.org/packages/97/75/10a9ebee3fd790d20926a90a2547f0bf78f371b2f13aa822c759680ca7b9/tomli-2.0.1-py3-none-any.whl", hash = "sha256:939de3e7a6161af0c887ef91b7d41a53e7c5a1ca976325f429cb46ea9bc30ecc", size = 12757 }]

[[distribution]]
name = "xlsxwriter"
version = "3.2.0"
source = "registry+https://pypi.org/simple"
sdist = { url = "https://files.pythonhosted.org/packages/a6/c3/b36fa44a0610a0f65d2e65ba6a262cbe2554b819f1449731971f7c16ea3c/XlsxWriter-3.2.0.tar.gz", hash = "sha256:9977d0c661a72866a61f9f7a809e25ebbb0fb7036baa3b9fe74afcfca6b3cb8c", size = 198732 }
wheels = [{ url = "https://files.pythonhosted.org/packages/a7/ea/53d1fe468e63e092cf16e2c18d16f50c29851242f9dd12d6a66e0d7f0d02/XlsxWriter-3.2.0-py3-none-any.whl", hash = "sha256:ecfd5405b3e0e228219bcaf24c2ca0915e012ca9464a14048021d21a995d490e", size = 159925 }]
