{
  "nodes": {
    "mdbook-nixdoc": {
      "inputs": {
        "nix-github-actions": [
          "pyproject-nix",
          "nix-github-actions"
        ],
        "nixpkgs": [
          "pyproject-nix",
          "nixpkgs"
        ]
      },
      "locked": {
        "lastModified": 1708395692,
        "narHash": "sha256-smf0VmxGbjJDZqKvxxG3ZVqubgbVwAWG26wPo+BT/A0=",
        "owner": "adisbladis",
        "repo": "mdbook-nixdoc",
        "rev": "d6a71b114b9221c0b4f20d31b81766d072cc26be",
        "type": "github"
      },
      "original": {
        "owner": "adisbladis",
        "repo": "mdbook-nixdoc",
        "type": "github"
      }
    },
    "mkflake": {
      "locked": {
        "lastModified": 1712284878,
        "narHash": "sha256-66dqRuL4kQw9r/xthE7RbTdaszwUZLdjwFwFloeu6NI=",
        "owner": "jonascarpay",
        "repo": "mkflake",
        "rev": "eb1172a9cd34e0a42848e787fb11a673f658c9e2",
        "type": "github"
      },
      "original": {
        "owner": "jonascarpay",
        "repo": "mkflake",
        "type": "github"
      }
    },
    "nix-github-actions": {
      "inputs": {
        "nixpkgs": [
          "pyproject-nix",
          "nixpkgs"
        ]
      },
      "locked": {
        "lastModified": 1703863825,
        "narHash": "sha256-rXwqjtwiGKJheXB43ybM8NwWB8rO2dSRrEqes0S7F5Y=",
        "owner": "nix-community",
        "repo": "nix-github-actions",
        "rev": "5163432afc817cf8bd1f031418d1869e4c9d5547",
        "type": "github"
      },
      "original": {
        "owner": "nix-community",
        "repo": "nix-github-actions",
        "type": "github"
      }
    },
    "nixpkgs": {
      "locked": {
        "lastModified": 1717084221,
        "narHash": "sha256-JA8eyuz4nWW6YeAx6u33cu1wbgDzLE4E89erMqHkyTE=",
        "owner": "nixos",
        "repo": "nixpkgs",
        "rev": "7a46421be969e3e290198effef10d1a79ea14484",
        "type": "github"
      },
      "original": {
        "owner": "nixos",
        "repo": "nixpkgs",
        "type": "github"
      }
    },
    "nixpkgs_2": {
      "locked": {
        "lastModified": 1709479366,
        "narHash": "sha256-n6F0n8UV6lnTZbYPl1A9q1BS0p4hduAv1mGAP17CVd0=",
        "owner": "nixos",
        "repo": "nixpkgs",
        "rev": "b8697e57f10292a6165a20f03d2f42920dfaf973",
        "type": "github"
      },
      "original": {
        "owner": "nixos",
        "ref": "nixos-unstable",
        "repo": "nixpkgs",
        "type": "github"
      }
    },
    "pyproject-nix": {
      "inputs": {
        "mdbook-nixdoc": "mdbook-nixdoc",
        "nix-github-actions": "nix-github-actions",
        "nixpkgs": "nixpkgs_2"
      },
      "locked": {
        "lastModified": 1716218469,
        "narHash": "sha256-w2djd2mxQhBIqDhCVSW544vFxGgCFX6vm/cpk1Btzg8=",
        "owner": "nix-community",
        "repo": "pyproject.nix",
        "rev": "298d55c4122a9a2177fd56cb18796d62daf386c5",
        "type": "github"
      },
      "original": {
        "owner": "nix-community",
        "repo": "pyproject.nix",
        "type": "github"
      }
    },
    "root": {
      "inputs": {
        "mkflake": "mkflake",
        "nixpkgs": "nixpkgs",
        "pyproject-nix": "pyproject-nix"
      }
    }
  },
  "root": "root",
  "version": 7
}
